
Microsoft Visual Studio Solution File, Format Version 12.00
# Visual Studio Version 17
VisualStudioVersion = 17.5.33530.505
MinimumVisualStudioVersion = 10.0.40219.1
Project("{FAE04EC0-301F-11D3-BF4B-00C04F79EFBC}") = "1505", "1505.csproj", "{92F6219F-061D-4CA9-B034-9DBB520FD75C}"
EndProject
Global
	GlobalSection(SolutionConfigurationPlatforms) = preSolution
		Debug|Any CPU = Debug|Any CPU
		Release|Any CPU = Release|Any CPU
	EndGlobalSection
	GlobalSection(ProjectConfigurationPlatforms) = postSolution
		{92F6219F-061D-4CA9-B034-9DBB520FD75C}.Debug|Any CPU.ActiveCfg = Debug|Any CPU
		{92F6219F-061D-4CA9-B034-9DBB520FD75C}.Debug|Any CPU.Build.0 = Debug|Any CPU
		{92F6219F-061D-4CA9-B034-9DBB520FD75C}.Release|Any CPU.ActiveCfg = Release|Any CPU
		{92F6219F-061D-4CA9-B034-9DBB520FD75C}.Release|Any CPU.Build.0 = Release|Any CPU
	EndGlobalSection
	GlobalSection(SolutionProperties) = preSolution
		HideSolutionNode = FALSE
	EndGlobalSection
	GlobalSection(ExtensibilityGlobals) = postSolution
		SolutionGuid = {56424B18-EE71-4FE4-B87C-6D2758DA14B9}
	EndGlobalSection
EndGlobal
